
Microsoft Visual Studio Solution File, Format Version 12.00
# Visual Studio 2013
VisualStudioVersion = 12.0.40629.0
MinimumVisualStudioVersion = 10.0.40219.1
Project("{FAE04EC0-301F-11D3-BF4B-00C04F79EFBC}") = "FortifySCAAutomation", "FortifySCAAutomation\FortifySCAAutomation.csproj", "{F8A704CF-7937-4CDE-9F71-94A405560855}"
EndProject
Project("{FAE04EC0-301F-11D3-BF4B-00C04F79EFBC}") = "UnitTest", "UnitTest\UnitTest.csproj", "{2EE93014-72DE-463F-ACDC-F4451BF269C0}"
EndProject
Global
	GlobalSection(TeamFoundationVersionControl) = preSolution
		SccNumberOfProjects = 3
		SccEnterpriseProvider = {4CA58AB2-18FA-4F8D-95D4-32DDF27D184C}
		SccTeamFoundationServer = http://cargotfs02:8080/tfs/ncw
		SccLocalPath0 = .
		SccProjectUniqueName1 = FortifySCAAutomation\\FortifySCAAutomation.csproj
		SccProjectName1 = FortifySCAAutomation
		SccLocalPath1 = FortifySCAAutomation
		SccProjectUniqueName2 = UnitTest\\UnitTest.csproj
		SccProjectName2 = UnitTest
		SccLocalPath2 = UnitTest
	EndGlobalSection
	GlobalSection(SolutionConfigurationPlatforms) = preSolution
		Debug|Any CPU = Debug|Any CPU
		Release|Any CPU = Release|Any CPU
	EndGlobalSection
	GlobalSection(ProjectConfigurationPlatforms) = postSolution
		{F8A704CF-7937-4CDE-9F71-94A405560855}.Debug|Any CPU.ActiveCfg = Debug|Any CPU
		{F8A704CF-7937-4CDE-9F71-94A405560855}.Debug|Any CPU.Build.0 = Debug|Any CPU
		{F8A704CF-7937-4CDE-9F71-94A405560855}.Release|Any CPU.ActiveCfg = Release|Any CPU
		{F8A704CF-7937-4CDE-9F71-94A405560855}.Release|Any CPU.Build.0 = Release|Any CPU
		{2EE93014-72DE-463F-ACDC-F4451BF269C0}.Debug|Any CPU.ActiveCfg = Debug|Any CPU
		{2EE93014-72DE-463F-ACDC-F4451BF269C0}.Debug|Any CPU.Build.0 = Debug|Any CPU
		{2EE93014-72DE-463F-ACDC-F4451BF269C0}.Release|Any CPU.ActiveCfg = Release|Any CPU
		{2EE93014-72DE-463F-ACDC-F4451BF269C0}.Release|Any CPU.Build.0 = Release|Any CPU
	EndGlobalSection
	GlobalSection(SolutionProperties) = preSolution
		HideSolutionNode = FALSE
	EndGlobalSection
EndGlobal
